
Microsoft Visual Studio Solution File, Format Version 12.00
# Visual Studio Version 17
VisualStudioVersion = 17.2.32602.215
MinimumVisualStudioVersion = 10.0.40219.1
Project("{FAE04EC0-301F-11D3-BF4B-00C04F79EFBC}") = "TestNotification", "TestNotification\TestNotification.csproj", "{F59EDB23-ABA2-4DF7-8D52-B9ECD109913D}"
EndProject
Global
	GlobalSection(SolutionConfigurationPlatforms) = preSolution
		Debug|Any CPU = Debug|Any CPU
		Release|Any CPU = Release|Any CPU
	EndGlobalSection
	GlobalSection(ProjectConfigurationPlatforms) = postSolution
		{F59EDB23-ABA2-4DF7-8D52-B9ECD109913D}.Debug|Any CPU.ActiveCfg = Debug|Any CPU
		{F59EDB23-ABA2-4DF7-8D52-B9ECD109913D}.Debug|Any CPU.Build.0 = Debug|Any CPU
		{F59EDB23-ABA2-4DF7-8D52-B9ECD109913D}.Release|Any CPU.ActiveCfg = Release|Any CPU
		{F59EDB23-ABA2-4DF7-8D52-B9ECD109913D}.Release|Any CPU.Build.0 = Release|Any CPU
	EndGlobalSection
	GlobalSection(SolutionProperties) = preSolution
		HideSolutionNode = FALSE
	EndGlobalSection
	GlobalSection(ExtensibilityGlobals) = postSolution
		SolutionGuid = {1F95E085-F886-41AF-B4E7-3CF1919DEB5A}
	EndGlobalSection
EndGlobal
